
Microsoft Visual Studio Solution File, Format Version 12.00
# Visual Studio Version 16
VisualStudioVersion = 16.0.30626.31
MinimumVisualStudioVersion = 10.0.40219.1
Project("{FAE04EC0-301F-11D3-BF4B-00C04F79EFBC}") = "PxlEditor", "PxlEditor\PxlEditor.csproj", "{E0645E41-58B9-4DE3-B9A5-7A9CDB363F37}"
EndProject
Project("{FAE04EC0-301F-11D3-BF4B-00C04F79EFBC}") = "imgTool", "imgTool\imgTool.csproj", "{0B222FFC-B1E9-48C2-885D-DB328AC88515}"
EndProject
Global
	GlobalSection(SolutionConfigurationPlatforms) = preSolution
		Debug|Any CPU = Debug|Any CPU
		Release|Any CPU = Release|Any CPU
	EndGlobalSection
	GlobalSection(ProjectConfigurationPlatforms) = postSolution
		{E0645E41-58B9-4DE3-B9A5-7A9CDB363F37}.Debug|Any CPU.ActiveCfg = Debug|Any CPU
		{E0645E41-58B9-4DE3-B9A5-7A9CDB363F37}.Debug|Any CPU.Build.0 = Debug|Any CPU
		{E0645E41-58B9-4DE3-B9A5-7A9CDB363F37}.Release|Any CPU.ActiveCfg = Release|Any CPU
		{E0645E41-58B9-4DE3-B9A5-7A9CDB363F37}.Release|Any CPU.Build.0 = Release|Any CPU
		{0B222FFC-B1E9-48C2-885D-DB328AC88515}.Debug|Any CPU.ActiveCfg = Debug|Any CPU
		{0B222FFC-B1E9-48C2-885D-DB328AC88515}.Debug|Any CPU.Build.0 = Debug|Any CPU
		{0B222FFC-B1E9-48C2-885D-DB328AC88515}.Release|Any CPU.ActiveCfg = Release|Any CPU
		{0B222FFC-B1E9-48C2-885D-DB328AC88515}.Release|Any CPU.Build.0 = Release|Any CPU
	EndGlobalSection
	GlobalSection(SolutionProperties) = preSolution
		HideSolutionNode = FALSE
	EndGlobalSection
	GlobalSection(ExtensibilityGlobals) = postSolution
		SolutionGuid = {CC9E3513-FE58-4F6F-BC2C-64544457DDFB}
	EndGlobalSection
EndGlobal
